// !$*UTF8*$!
{
	archiveVersion = 1;
	classes = {
	};
	objectVersion = 77;
	objects = {

/* Begin PBXBuildFile section */
		8F0FC7222FA1CA5C00FACE34 /* FinanceModels.swift in Sources */ = {isa = PBXBuildFile; fileRef = 8F0FC7212FA1CA5C00FACE34 /* FinanceModels.swift */; };
		8F0FC7242FA1CB4400FACE34 /* DashboardViewModel.swift in Sources */ = {isa = PBXBuildFile; fileRef = 8F0FC7232FA1CB4400FACE34 /* DashboardViewModel.swift */; };
		8F0FC7262FA1CB9400FACE34 /* DashboardView.swift in Sources */ = {isa = PBXBuildFile; fileRef = 8F0FC7252FA1CB9400FACE34 /* DashboardView.swift */; };
		8F0FC72A2FA1CBBB00FACE34 /* AddTransactionView.swift in Sources */ = {isa = PBXBuildFile; fileRef = 8F0FC7292FA1CBBB00FACE34 /* AddTransactionView.swift */; };
		8F0FC72C2FA1CD9600FACE34 /* AuthService.swift in Sources */ = {isa = PBXBuildFile; fileRef = 8F0FC72B2FA1CD9600FACE34 /* AuthService.swift */; };
		8F56013830251648007E1026 /* RegisterView.swift in Sources */ = {isa = PBXBuildFile; fileRef = 8F56013730251648007E1026 /* RegisterView.swift */; };
		8F56014030251DA1007E1026 /* SettingsView.swift in Sources */ = {isa = PBXBuildFile; fileRef = 8F56013F30251DA1007E1026 /* SettingsView.swift */; };
		8F5DF8872FA30C370039AB99 /* WelcomeView.swift in Sources */ = {isa = PBXBuildFile; fileRef = 8F5DF8862FA30C370039AB99 /* WelcomeView.swift */; };
		8F5DF8892FA30C5C0039AB99 /* LoginView.swift in Sources */ = {isa = PBXBuildFile; fileRef = 8F5DF8882FA30C5C0039AB99 /* LoginView.swift */; };
/* End PBXBuildFile section */

/* Begin PBXFileReference section */
		8F0FC70E2FA1C90000FACE34 /* tenxfinance.app */ = {isa = PBXFileReference; explicitFileType = wrapper.application; includeInIndex = 0; path = tenxfinance.app; sourceTree = BUILT_PRODUCTS_DIR; };
		8F0FC7212FA1CA5C00FACE34 /* FinanceModels.swift */ = {isa = PBXFileReference; lastKnownFileType = sourcecode.swift; path = FinanceModels.swift; sourceTree = "<group>"; };
		8F0FC7232FA1CB4400FACE34 /* DashboardViewModel.swift */ = {isa = PBXFileReference; lastKnownFileType = sourcecode.swift; path = DashboardViewModel.swift; sourceTree = "<group>"; };
		8F0FC7252FA1CB9400FACE34 /* DashboardView.swift */ = {isa = PBXFileReference; lastKnownFileType = sourcecode.swift; path = DashboardView.swift; sourceTree = "<group>"; };
		8F0FC7292FA1CBBB00FACE34 /* AddTransactionView.swift */ = {isa = PBXFileReference; lastKnownFileType = sourcecode.swift; path = AddTransactionView.swift; sourceTree = "<group>"; };
		8F0FC72B2FA1CD9600FACE34 /* AuthService.swift */ = {isa = PBXFileReference; lastKnownFileType = sourcecode.swift; path = AuthService.swift; sourceTree = "<group>"; };
		8F56013730251648007E1026 /* RegisterView.swift */ = {isa = PBXFileReference; lastKnownFileType = sourcecode.swift; path = RegisterView.swift; sourceTree = "<group>"; };
		8F56013F30251DA1007E1026 /* SettingsView.swift */ = {isa = PBXFileReference; lastKnownFileType = sourcecode.swift; path = SettingsView.swift; sourceTree = "<group>"; };
		8F5DF8862FA30C370039AB99 /* WelcomeView.swift */ = {isa = PBXFileReference; lastKnownFileType = sourcecode.swift; path = WelcomeView.swift; sourceTree = "<group>"; };
		8F5DF8882FA30C5C0039AB99 /* LoginView.swift */ = {isa = PBXFileReference; lastKnownFileType = sourcecode.swift; path = LoginView.swift; sourceTree = "<group>"; };
/* End PBXFileReference section */

/* Begin PBXFileSystemSynchronizedRootGroup section */
		8F0FC7102FA1C90000FACE34 /* tenxfinance */ = {
			isa = PBXFileSystemSynchronizedRootGroup;
			path = tenxfinance;
			sourceTree = "<group>";
		};
/* End PBXFileSystemSynchronizedRootGroup section */

/* Begin PBXFrameworksBuildPhase section */
		8F0FC70B2FA1C90000FACE34 /* Frameworks */ = {
			isa = PBXFrameworksBuildPhase;
			buildActionMask = 2147483647;
			files = (
			);
			runOnlyForDeploymentPostprocessing = 0;
		};
/* End PBXFrameworksBuildPhase section */

/* Begin PBXGroup section */
		8F0FC7052FA1C90000FACE34 = {
			isa = PBXGroup;
			children = (
				8F0FC7202FA1C9E900FACE34 /* Extensions */,
				8F0FC71F2FA1C9CF00FACE34 /* Views */,
				8F0FC71E2FA1C93600FACE34 /* Services */,
				8F0FC71D2FA1C92E00FACE34 /* ViewModels */,
				8F0FC71C2FA1C92300FACE34 /* Models */,
				8F0FC7102FA1C90000FACE34 /* tenxfinance */,
				8F0FC70F2FA1C90000FACE34 /* Products */,
			);
			sourceTree = "<group>";
		};
		8F0FC70F2FA1C90000FACE34 /* Products */ = {
			isa = PBXGroup;
			children = (
				8F0FC70E2FA1C90000FACE34 /* tenxfinance.app */,
			);
			name = Products;
			sourceTree = "<group>";
		};
		8F0FC71C2FA1C92300FACE34 /* Models */ = {
			isa = PBXGroup;
			children = (
				8F0FC7212FA1CA5C00FACE34 /* FinanceModels.swift */,
			);
			path = Models;
			sourceTree = "<group>";
		};
		8F0FC71D2FA1C92E00FACE34 /* ViewModels */ = {
			isa = PBXGroup;
			children = (
				8F0FC7232FA1CB4400FACE34 /* DashboardViewModel.swift */,
			);
			path = ViewModels;
			sourceTree = "<group>";
		};
		8F0FC71E2FA1C93600FACE34 /* Services */ = {
			isa = PBXGroup;
			children = (
				8F0FC72B2FA1CD9600FACE34 /* AuthService.swift */,
			);
			path = Services;
			sourceTree = "<group>";
		};
		8F0FC71F2FA1C9CF00FACE34 /* Views */ = {
			isa = PBXGroup;
			children = (
				8F0FC7252FA1CB9400FACE34 /* DashboardView.swift */,
				8F0FC7292FA1CBBB00FACE34 /* AddTransactionView.swift */,
				8F5DF8862FA30C370039AB99 /* WelcomeView.swift */,
				8F5DF8882FA30C5C0039AB99 /* LoginView.swift */,
				8F56013730251648007E1026 /* RegisterView.swift */,
				8F56013F30251DA1007E1026 /* SettingsView.swift */,
			);
			path = Views;
			sourceTree = "<group>";
		};
		8F0FC7202FA1C9E900FACE34 /* Extensions */ = {
			isa = PBXGroup;
			children = (
			);
			path = Extensions;
			sourceTree = "<group>";
		};
/* End PBXGroup section */

/* Begin PBXNativeTarget section */
		8F0FC70D2FA1C90000FACE34 /* tenxfinance */ = {
			isa = PBXNativeTarget;
			buildConfigurationList = 8F0FC7192FA1C90300FACE34 /* Build configuration list for PBXNativeTarget "tenxfinance" */;
			buildPhases = (
				8F0FC70A2FA1C90000FACE34 /* Sources */,
				8F0FC70B2FA1C90000FACE34 /* Frameworks */,
				8F0FC70C2FA1C90000FACE34 /* Resources */,
			);
			buildRules = (
			);
			dependencies = (
			);
			fileSystemSynchronizedGroups = (
				8F0FC7102FA1C90000FACE34 /* tenxfinance */,
			);
			name = tenxfinance;
			packageProductDependencies = (
			);
			productName = tenxfinance;
			productReference = 8F0FC70E2FA1C90000FACE34 /* tenxfinance.app */;
			productType = "com.apple.product-type.application";
		};
/* End PBXNativeTarget section */

/* Begin PBXProject section */
		8F0FC7062FA1C90000FACE34 /* Project object */ = {
			isa = PBXProject;
			attributes = {
				BuildIndependentTargetsInParallel = 1;
				LastSwiftUpdateCheck = 2600;
				LastUpgradeCheck = 2600;
				TargetAttributes = {
					8F0FC70D2FA1C90000FACE34 = {
						CreatedOnToolsVersion = 26.0.1;
					};
				};
			};
			buildConfigurationList = 8F0FC7092FA1C90000FACE34 /* Build configuration list for PBXProject "tenxfinance" */;
			developmentRegion = en;
			hasScannedForEncodings = 0;
			knownRegions = (
				en,
				Base,
			);
			mainGroup = 8F0FC7052FA1C90000FACE34;
			minimizedProjectReferenceProxies = 1;
			preferredProjectObjectVersion = 77;
			productRefGroup = 8F0FC70F2FA1C90000FACE34 /* Products */;
			projectDirPath = "";
			projectRoot = "";
			targets = (
				8F0FC70D2FA1C90000FACE34 /* tenxfinance */,
			);
		};
/* End PBXProject section */

/* Begin PBXResourcesBuildPhase section */
		8F0FC70C2FA1C90000FACE34 /* Resources */ = {
			isa = PBXResourcesBuildPhase;
			buildActionMask = 2147483647;
			files = (
			);
			runOnlyForDeploymentPostprocessing = 0;
		};
/* End PBXResourcesBuildPhase section */

/* Begin PBXSourcesBuildPhase section */
		8F0FC70A2FA1C90000FACE34 /* Sources */ = {
			isa = PBXSourcesBuildPhase;
			buildActionMask = 2147483647;
			files = (
				8F56013830251648007E1026 /* RegisterView.swift in Sources */,
				8F0FC72A2FA1CBBB00FACE34 /* AddTransactionView.swift in Sources */,
				8F0FC7222FA1CA5C00FACE34 /* FinanceModels.swift in Sources */,
				8F0FC7262FA1CB9400FACE34 /* DashboardView.swift in Sources */,
				8F0FC7242FA1CB4400FACE34 /* DashboardViewModel.swift in Sources */,
				8F0FC72C2FA1CD9600FACE34 /* AuthService.swift in Sources */,
				8F5DF8892FA30C5C0039AB99 /* LoginView.swift in Sources */,
				8F5DF8872FA30C370039AB99 /* WelcomeView.swift in Sources */,
				8F56014030251DA1007E1026 /* SettingsView.swift in Sources */,
			);
			runOnlyForDeploymentPostprocessing = 0;
		};
/* End PBXSourcesBuildPhase section */

/* Begin XCBuildConfiguration section */
		8F0FC7172FA1C90300FACE34 /* Debug */ = {
			isa = XCBuildConfiguration;
			buildSettings = {
				ALWAYS_SEARCH_USER_PATHS = NO;
				ASSETCATALOG_COMPILER_GENERATE_SWIFT_ASSET_SYMBOL_EXTENSIONS = YES;
				CLANG_ANALYZER_NONNULL = YES;
				CLANG_ANALYZER_NUMBER_OBJECT_CONVERSION = YES_AGGRESSIVE;
				CLANG_CXX_LANGUAGE_STANDARD = "gnu++20";
				CLANG_ENABLE_MODULES = YES;
				CLANG_ENABLE_OBJC_ARC = YES;
				CLANG_ENABLE_OBJC_WEAK = YES;
				CLANG_WARN_BLOCK_CAPTURE_AUTORELEASING = YES;
				CLANG_WARN_BOOL_CONVERSION = YES;
				CLANG_WARN_COMMA = YES;
				CLANG_WARN_CONSTANT_CONVERSION = YES;
				CLANG_WARN_DEPRECATED_OBJC_IMPLEMENTATIONS = YES;
				CLANG_WARN_DIRECT_OBJC_ISA_USAGE = YES_ERROR;
				CLANG_WARN_DOCUMENTATION_COMMENTS = YES;
				CLANG_WARN_EMPTY_BODY = YES;
				CLANG_WARN_ENUM_CONVERSION = YES;
				CLANG_WARN_INFINITE_RECURSION = YES;
				CLANG_WARN_INT_CONVERSION = YES;
				CLANG_WARN_NON_LITERAL_NULL_CONVERSION = YES;
				CLANG_WARN_OBJC_IMPLICIT_RETAIN_SELF = YES;
				CLANG_WARN_OBJC_LITERAL_CONVERSION = YES;
				CLANG_WARN_OBJC_ROOT_CLASS = YES_ERROR;
				CLANG_WARN_QUOTED_INCLUDE_IN_FRAMEWORK_HEADER = YES;
				CLANG_WARN_RANGE_LOOP_ANALYSIS = YES;
				CLANG_WARN_STRICT_PROTOTYPES = YES;
				CLANG_WARN_SUSPICIOUS_MOVE = YES;
				CLANG_WARN_UNGUARDED_AVAILABILITY = YES_AGGRESSIVE;
				CLANG_WARN_UNREACHABLE_CODE = YES;
				CLANG_WARN__DUPLICATE_METHOD_MATCH = YES;
				COPY_PHASE_STRIP = NO;
				DEBUG_INFORMATION_FORMAT = dwarf;
				DEVELOPMENT_TEAM = BPZ7D52Z7P;
				ENABLE_STRICT_OBJC_MSGSEND = YES;
				ENABLE_TESTABILITY = YES;
				ENABLE_USER_SCRIPT_SANDBOXING = YES;
				GCC_C_LANGUAGE_STANDARD = gnu17;
				GCC_DYNAMIC_NO_PIC = NO;
				GCC_NO_COMMON_BLOCKS = YES;
				GCC_OPTIMIZATION_LEVEL = 0;
				GCC_PREPROCESSOR_DEFINITIONS = (
					"DEBUG=1",
					"$(inherited)",
				);
				GCC_WARN_64_TO_32_BIT_CONVERSION = YES;
				GCC_WARN_ABOUT_RETURN_TYPE = YES_ERROR;
				GCC_WARN_UNDECLARED_SELECTOR = YES;
				GCC_WARN_UNINITIALIZED_AUTOS = YES_AGGRESSIVE;
				GCC_WARN_UNUSED_FUNCTION = YES;
				GCC_WARN_UNUSED_VARIABLE = YES;
				IPHONEOS_DEPLOYMENT_TARGET = 26.0;
				LOCALIZATION_PREFERS_STRING_CATALOGS = YES;
				MTL_ENABLE_DEBUG_INFO = INCLUDE_SOURCE;
				MTL_FAST_MATH = YES;
				ONLY_ACTIVE_ARCH = YES;
				SDKROOT = iphoneos;
				SWIFT_ACTIVE_COMPILATION_CONDITIONS = "DEBUG $(inherited)";
				SWIFT_OPTIMIZATION_LEVEL = "-Onone";
			};
			name = Debug;
		};
		8F0FC7182FA1C90300FACE34 /* Release */ = {
			isa = XCBuildConfiguration;
			buildSettings = {
				ALWAYS_SEARCH_USER_PATHS = NO;
				ASSETCATALOG_COMPILER_GENERATE_SWIFT_ASSET_SYMBOL_EXTENSIONS = YES;
				CLANG_ANALYZER_NONNULL = YES;
				CLANG_ANALYZER_NUMBER_OBJECT_CONVERSION = YES_AGGRESSIVE;
				CLANG_CXX_LANGUAGE_STANDARD = "gnu++20";
				CLANG_ENABLE_MODULES = YES;
				CLANG_ENABLE_OBJC_ARC = YES;
				CLANG_ENABLE_OBJC_WEAK = YES;
				CLANG_WARN_BLOCK_CAPTURE_AUTORELEASING = YES;
				CLANG_WARN_BOOL_CONVERSION = YES;
				CLANG_WARN_COMMA = YES;
				CLANG_WARN_CONSTANT_CONVERSION = YES;
				CLANG_WARN_DEPRECATED_OBJC_IMPLEMENTATIONS = YES;
				CLANG_WARN_DIRECT_OBJC_ISA_USAGE = YES_ERROR;
				CLANG_WARN_DOCUMENTATION_COMMENTS = YES;
				CLANG_WARN_EMPTY_BODY = YES;
				CLANG_WARN_ENUM_CONVERSION = YES;
				CLANG_WARN_INFINITE_RECURSION = YES;
				CLANG_WARN_INT_CONVERSION = YES;
				CLANG_WARN_NON_LITERAL_NULL_CONVERSION = YES;
				CLANG_WARN_OBJC_IMPLICIT_RETAIN_SELF = YES;
				CLANG_WARN_OBJC_LITERAL_CONVERSION = YES;
				CLANG_WARN_OBJC_ROOT_CLASS = YES_ERROR;
				CLANG_WARN_QUOTED_INCLUDE_IN_FRAMEWORK_HEADER = YES;
				CLANG_WARN_RANGE_LOOP_ANALYSIS = YES;
				CLANG_WARN_STRICT_PROTOTYPES = YES;
				CLANG_WARN_SUSPICIOUS_MOVE = YES;
				CLANG_WARN_UNGUARDED_AVAILABILITY = YES_AGGRESSIVE;
				CLANG_WARN_UNREACHABLE_CODE = YES;
				CLANG_WARN__DUPLICATE_METHOD_MATCH = YES;
				COPY_PHASE_STRIP = NO;
				DEBUG_INFORMATION_FORMAT = "dwarf-with-dsym";
				DEVELOPMENT_TEAM = BPZ7D52Z7P;
				ENABLE_NS_ASSERTIONS = NO;
				ENABLE_STRICT_OBJC_MSGSEND = YES;
				ENABLE_USER_SCRIPT_SANDBOXING = YES;
				GCC_C_LANGUAGE_STANDARD = gnu17;
				GCC_NO_COMMON_BLOCKS = YES;
				GCC_WARN_64_TO_32_BIT_CONVERSION = YES;
				GCC_WARN_ABOUT_RETURN_TYPE = YES_ERROR;
				GCC_WARN_UNDECLARED_SELECTOR = YES;
				GCC_WARN_UNINITIALIZED_AUTOS = YES_AGGRESSIVE;
				GCC_WARN_UNUSED_FUNCTION = YES;
				GCC_WARN_UNUSED_VARIABLE = YES;
				IPHONEOS_DEPLOYMENT_TARGET = 26.0;
				LOCALIZATION_PREFERS_STRING_CATALOGS = YES;
				MTL_ENABLE_DEBUG_INFO = NO;
				MTL_FAST_MATH = YES;
				SDKROOT = iphoneos;
				SWIFT_COMPILATION_MODE = wholemodule;
				VALIDATE_PRODUCT = YES;
			};
			name = Release;
		};
		8F0FC71A2FA1C90300FACE34 /* Debug */ = {
			isa = XCBuildConfiguration;
			buildSettings = {
				ASSETCATALOG_COMPILER_APPICON_NAME = AppIcon;
				ASSETCATALOG_COMPILER_GLOBAL_ACCENT_COLOR_NAME = AccentColor;
				CODE_SIGN_STYLE = Automatic;
				CURRENT_PROJECT_VERSION = 1;
				DEVELOPMENT_TEAM = BPZ7D52Z7P;
				ENABLE_PREVIEWS = YES;
				GENERATE_INFOPLIST_FILE = YES;
				INFOPLIST_KEY_LSApplicationCategoryType = "public.app-category.finance";
				INFOPLIST_KEY_UIApplicationSceneManifest_Generation = YES;
				INFOPLIST_KEY_UIApplicationSupportsIndirectInputEvents = YES;
				INFOPLIST_KEY_UILaunchScreen_Generation = YES;
				INFOPLIST_KEY_UISupportedInterfaceOrientations_iPad = "UIInterfaceOrientationPortrait UIInterfaceOrientationPortraitUpsideDown UIInterfaceOrientationLandscapeLeft UIInterfaceOrientationLandscapeRight";
				INFOPLIST_KEY_UISupportedInterfaceOrientations_iPhone = "UIInterfaceOrientationPortrait UIInterfaceOrientationLandscapeLeft UIInterfaceOrientationLandscapeRight";
				LD_RUNPATH_SEARCH_PATHS = (
					"$(inherited)",
					"@executable_path/Frameworks",
				);
				MARKETING_VERSION = 1.0;
				PRODUCT_BUNDLE_IDENTIFIER = com.svntenx.tenxfinance;
				PRODUCT_NAME = "$(TARGET_NAME)";
				STRING_CATALOG_GENERATE_SYMBOLS = YES;
				SWIFT_APPROACHABLE_CONCURRENCY = YES;
				SWIFT_DEFAULT_ACTOR_ISOLATION = MainActor;
				SWIFT_EMIT_LOC_STRINGS = YES;
				SWIFT_UPCOMING_FEATURE_MEMBER_IMPORT_VISIBILITY = YES;
				SWIFT_VERSION = 5.0;
				TARGETED_DEVICE_FAMILY = "1,2";
			};
			name = Debug;
		};
		8F0FC71B2FA1C90300FACE34 /* Release */ = {
			isa = XCBuildConfiguration;
			buildSettings = {
				ASSETCATALOG_COMPILER_APPICON_NAME = AppIcon;
				ASSETCATALOG_COMPILER_GLOBAL_ACCENT_COLOR_NAME = AccentColor;
				CODE_SIGN_STYLE = Automatic;
				CURRENT_PROJECT_VERSION = 1;
				DEVELOPMENT_TEAM = BPZ7D52Z7P;
				ENABLE_PREVIEWS = YES;
				GENERATE_INFOPLIST_FILE = YES;
				INFOPLIST_KEY_LSApplicationCategoryType = "public.app-category.finance";
				INFOPLIST_KEY_UIApplicationSceneManifest_Generation = YES;
				INFOPLIST_KEY_UIApplicationSupportsIndirectInputEvents = YES;
				INFOPLIST_KEY_UILaunchScreen_Generation = YES;
				INFOPLIST_KEY_UISupportedInterfaceOrientations_iPad = "UIInterfaceOrientationPortrait UIInterfaceOrientationPortraitUpsideDown UIInterfaceOrientationLandscapeLeft UIInterfaceOrientationLandscapeRight";
				INFOPLIST_KEY_UISupportedInterfaceOrientations_iPhone = "UIInterfaceOrientationPortrait UIInterfaceOrientationLandscapeLeft UIInterfaceOrientationLandscapeRight";
				LD_RUNPATH_SEARCH_PATHS = (
					"$(inherited)",
					"@executable_path/Frameworks",
				);
				MARKETING_VERSION = 1.0;
				PRODUCT_BUNDLE_IDENTIFIER = com.svntenx.tenxfinance;
				PRODUCT_NAME = "$(TARGET_NAME)";
				STRING_CATALOG_GENERATE_SYMBOLS = YES;
				SWIFT_APPROACHABLE_CONCURRENCY = YES;
				SWIFT_DEFAULT_ACTOR_ISOLATION = MainActor;
				SWIFT_EMIT_LOC_STRINGS = YES;
				SWIFT_UPCOMING_FEATURE_MEMBER_IMPORT_VISIBILITY = YES;
				SWIFT_VERSION = 5.0;
				TARGETED_DEVICE_FAMILY = "1,2";
			};
			name = Release;
		};
/* End XCBuildConfiguration section */

/* Begin XCConfigurationList section */
		8F0FC7092FA1C90000FACE34 /* Build configuration list for PBXProject "tenxfinance" */ = {
			isa = XCConfigurationList;
			buildConfigurations = (
				8F0FC7172FA1C90300FACE34 /* Debug */,
				8F0FC7182FA1C90300FACE34 /* Release */,
			);
			defaultConfigurationIsVisible = 0;
			defaultConfigurationName = Release;
		};
		8F0FC7192FA1C90300FACE34 /* Build configuration list for PBXNativeTarget "tenxfinance" */ = {
			isa = XCConfigurationList;
			buildConfigurations = (
				8F0FC71A2FA1C90300FACE34 /* Debug */,
				8F0FC71B2FA1C90300FACE34 /* Release */,
			);
			defaultConfigurationIsVisible = 0;
			defaultConfigurationName = Release;
		};
/* End XCConfigurationList section */
	};
	rootObject = 8F0FC7062FA1C90000FACE34 /* Project object */;
}
